
Microsoft Visual Studio Solution File, Format Version 12.00
# Visual Studio Version 16
VisualStudioVersion = 16.0.31702.278
MinimumVisualStudioVersion = 10.0.40219.1
Project("{9A19103F-16F7-4668-BE54-9A1E7A4F7556}") = "KickOffVariante1", "KickOffVariante1.csproj", "{A2C04214-3C3B-49CF-A5A8-3629162D8D36}"
EndProject
Project("{2150E333-8FDC-42A3-9474-1A3956D46DE8}") = "Formatos", "Formatos", "{4C0A1478-CB3C-4759-9B8B-570EF0BCC6C9}"
	ProjectSection(SolutionItems) = preProject
		LongFormat.cs = LongFormat.cs
		ShortFormat.cs = ShortFormat.cs
	EndProjectSection
EndProject
Project("{2150E333-8FDC-42A3-9474-1A3956D46DE8}") = "Interfaces", "Interfaces", "{573C180A-FF10-4446-9079-3E38A8E024D5}"
	ProjectSection(SolutionItems) = preProject
		IFormat.cs = IFormat.cs
	EndProjectSection
EndProject
Global
	GlobalSection(SolutionConfigurationPlatforms) = preSolution
		Debug|Any CPU = Debug|Any CPU
		Release|Any CPU = Release|Any CPU
	EndGlobalSection
	GlobalSection(ProjectConfigurationPlatforms) = postSolution
		{A2C04214-3C3B-49CF-A5A8-3629162D8D36}.Debug|Any CPU.ActiveCfg = Debug|Any CPU
		{A2C04214-3C3B-49CF-A5A8-3629162D8D36}.Debug|Any CPU.Build.0 = Debug|Any CPU
		{A2C04214-3C3B-49CF-A5A8-3629162D8D36}.Release|Any CPU.ActiveCfg = Release|Any CPU
		{A2C04214-3C3B-49CF-A5A8-3629162D8D36}.Release|Any CPU.Build.0 = Release|Any CPU
	EndGlobalSection
	GlobalSection(SolutionProperties) = preSolution
		HideSolutionNode = FALSE
	EndGlobalSection
	GlobalSection(ExtensibilityGlobals) = postSolution
		SolutionGuid = {A948F98C-4594-47B3-946B-15D8A302FB96}
	EndGlobalSection
EndGlobal
